
Microsoft Visual Studio Solution File, Format Version 12.00
# Visual Studio Version 17
VisualStudioVersion = 17.7.34003.232
MinimumVisualStudioVersion = 10.0.40219.1
Project("{FAE04EC0-301F-11D3-BF4B-00C04F79EFBC}") = "AdminDashboard", "AdminDashboard.csproj", "{4C0D50B1-47C3-4F0F-B7DE-5F2F587C261F}"
EndProject
Global
	GlobalSection(SolutionConfigurationPlatforms) = preSolution
		Debug|Any CPU = Debug|Any CPU
		Release|Any CPU = Release|Any CPU
	EndGlobalSection
	GlobalSection(ProjectConfigurationPlatforms) = postSolution
		{4C0D50B1-47C3-4F0F-B7DE-5F2F587C261F}.Debug|Any CPU.ActiveCfg = Debug|Any CPU
		{4C0D50B1-47C3-4F0F-B7DE-5F2F587C261F}.Debug|Any CPU.Build.0 = Debug|Any CPU
		{4C0D50B1-47C3-4F0F-B7DE-5F2F587C261F}.Release|Any CPU.ActiveCfg = Release|Any CPU
		{4C0D50B1-47C3-4F0F-B7DE-5F2F587C261F}.Release|Any CPU.Build.0 = Release|Any CPU
	EndGlobalSection
	GlobalSection(SolutionProperties) = preSolution
		HideSolutionNode = FALSE
	EndGlobalSection
	GlobalSection(ExtensibilityGlobals) = postSolution
		SolutionGuid = {B11E78E2-CE6A-44E5-A4F0-99EC5414E115}
	EndGlobalSection
EndGlobal
